
Microsoft Visual Studio Solution File, Format Version 12.00
Project("{2150E333-8FDC-42A3-9474-1A3956D46DE8}") = "src", "src", "{A3818511-1469-48C0-BE46-6EB5C5B95646}"
EndProject
Project("{2150E333-8FDC-42A3-9474-1A3956D46DE8}") = "tests", "tests", "{763B860B-B0AE-4946-8438-997864EE8A60}"
EndProject
Project("{FAE04EC0-301F-11D3-BF4B-00C04F79EFBC}") = "Pillar", "src\Pillar\Pillar.csproj", "{E255DC66-7FC4-4852-9487-D72B402AFAD0}"
EndProject
Project("{2150E333-8FDC-42A3-9474-1A3956D46DE8}") = "Tracing", "Tracing", "{3EB47D2C-B6C8-4806-897B-24DCFEEC4AE3}"
EndProject
Project("{FAE04EC0-301F-11D3-BF4B-00C04F79EFBC}") = "Pillar.Tracing", "src\Tracing\Pillar.Tracing\Pillar.Tracing.csproj", "{9AB5C90B-FB91-40FD-BBEA-EFDE6E36CBEC}"
EndProject
Project("{FAE04EC0-301F-11D3-BF4B-00C04F79EFBC}") = "Pillar.Core", "src\Pillar.Core\Pillar.Core.csproj", "{BF37B909-FC68-4EB5-B973-DC7775D970F0}"
EndProject
Project("{2150E333-8FDC-42A3-9474-1A3956D46DE8}") = "unit", "unit", "{EE6AE735-3957-4DC1-B876-953660E37861}"
EndProject
Project("{2150E333-8FDC-42A3-9474-1A3956D46DE8}") = "integration", "integration", "{57EC09E0-F2CF-40E3-9C65-3C154DD15CF9}"
EndProject
Project("{2150E333-8FDC-42A3-9474-1A3956D46DE8}") = "benchmarks", "benchmarks", "{5CDEC961-D138-42D9-9E68-4CEFE39EFB81}"
EndProject
Project("{FAE04EC0-301F-11D3-BF4B-00C04F79EFBC}") = "Pillar.Tests", "tests\unit\Pillar.Tests\Pillar.Tests.csproj", "{E41BC631-2962-4825-A81D-AACCE236282C}"
EndProject
Project("{FAE04EC0-301F-11D3-BF4B-00C04F79EFBC}") = "Pillar.Core.Tests", "tests\unit\Pillar.Core.Tests\Pillar.Core.Tests.csproj", "{7FD0405A-9B14-4835-9C8F-D52BCB29C4EA}"
EndProject
Project("{2150E333-8FDC-42A3-9474-1A3956D46DE8}") = "Tracing", "Tracing", "{05BA3888-06C3-4340-B6ED-40EED0128D06}"
EndProject
Project("{FAE04EC0-301F-11D3-BF4B-00C04F79EFBC}") = "Pillar.Tracing.Tests", "tests\unit\Tracing\Pillar.Tracing.Tests\Pillar.Tracing.Tests.csproj", "{F39FDB76-90AB-451C-B81D-CC352E1D0C1D}"
EndProject
Global
	GlobalSection(SolutionConfigurationPlatforms) = preSolution
		Debug|Any CPU = Debug|Any CPU
		Release|Any CPU = Release|Any CPU
	EndGlobalSection
	GlobalSection(ProjectConfigurationPlatforms) = postSolution
		{E255DC66-7FC4-4852-9487-D72B402AFAD0}.Debug|Any CPU.ActiveCfg = Debug|Any CPU
		{E255DC66-7FC4-4852-9487-D72B402AFAD0}.Debug|Any CPU.Build.0 = Debug|Any CPU
		{E255DC66-7FC4-4852-9487-D72B402AFAD0}.Release|Any CPU.ActiveCfg = Release|Any CPU
		{E255DC66-7FC4-4852-9487-D72B402AFAD0}.Release|Any CPU.Build.0 = Release|Any CPU
		{9AB5C90B-FB91-40FD-BBEA-EFDE6E36CBEC}.Debug|Any CPU.ActiveCfg = Debug|Any CPU
		{9AB5C90B-FB91-40FD-BBEA-EFDE6E36CBEC}.Debug|Any CPU.Build.0 = Debug|Any CPU
		{9AB5C90B-FB91-40FD-BBEA-EFDE6E36CBEC}.Release|Any CPU.ActiveCfg = Release|Any CPU
		{9AB5C90B-FB91-40FD-BBEA-EFDE6E36CBEC}.Release|Any CPU.Build.0 = Release|Any CPU
		{BF37B909-FC68-4EB5-B973-DC7775D970F0}.Debug|Any CPU.ActiveCfg = Debug|Any CPU
		{BF37B909-FC68-4EB5-B973-DC7775D970F0}.Debug|Any CPU.Build.0 = Debug|Any CPU
		{BF37B909-FC68-4EB5-B973-DC7775D970F0}.Release|Any CPU.ActiveCfg = Release|Any CPU
		{BF37B909-FC68-4EB5-B973-DC7775D970F0}.Release|Any CPU.Build.0 = Release|Any CPU
		{E41BC631-2962-4825-A81D-AACCE236282C}.Debug|Any CPU.ActiveCfg = Debug|Any CPU
		{E41BC631-2962-4825-A81D-AACCE236282C}.Debug|Any CPU.Build.0 = Debug|Any CPU
		{E41BC631-2962-4825-A81D-AACCE236282C}.Release|Any CPU.ActiveCfg = Release|Any CPU
		{E41BC631-2962-4825-A81D-AACCE236282C}.Release|Any CPU.Build.0 = Release|Any CPU
		{7FD0405A-9B14-4835-9C8F-D52BCB29C4EA}.Debug|Any CPU.ActiveCfg = Debug|Any CPU
		{7FD0405A-9B14-4835-9C8F-D52BCB29C4EA}.Debug|Any CPU.Build.0 = Debug|Any CPU
		{7FD0405A-9B14-4835-9C8F-D52BCB29C4EA}.Release|Any CPU.ActiveCfg = Release|Any CPU
		{7FD0405A-9B14-4835-9C8F-D52BCB29C4EA}.Release|Any CPU.Build.0 = Release|Any CPU
		{F39FDB76-90AB-451C-B81D-CC352E1D0C1D}.Debug|Any CPU.ActiveCfg = Debug|Any CPU
		{F39FDB76-90AB-451C-B81D-CC352E1D0C1D}.Debug|Any CPU.Build.0 = Debug|Any CPU
		{F39FDB76-90AB-451C-B81D-CC352E1D0C1D}.Release|Any CPU.ActiveCfg = Release|Any CPU
		{F39FDB76-90AB-451C-B81D-CC352E1D0C1D}.Release|Any CPU.Build.0 = Release|Any CPU
	EndGlobalSection
	GlobalSection(NestedProjects) = preSolution
		{E255DC66-7FC4-4852-9487-D72B402AFAD0} = {A3818511-1469-48C0-BE46-6EB5C5B95646}
		{3EB47D2C-B6C8-4806-897B-24DCFEEC4AE3} = {A3818511-1469-48C0-BE46-6EB5C5B95646}
		{9AB5C90B-FB91-40FD-BBEA-EFDE6E36CBEC} = {3EB47D2C-B6C8-4806-897B-24DCFEEC4AE3}
		{BF37B909-FC68-4EB5-B973-DC7775D970F0} = {A3818511-1469-48C0-BE46-6EB5C5B95646}
		{EE6AE735-3957-4DC1-B876-953660E37861} = {763B860B-B0AE-4946-8438-997864EE8A60}
		{57EC09E0-F2CF-40E3-9C65-3C154DD15CF9} = {763B860B-B0AE-4946-8438-997864EE8A60}
		{5CDEC961-D138-42D9-9E68-4CEFE39EFB81} = {763B860B-B0AE-4946-8438-997864EE8A60}
		{E41BC631-2962-4825-A81D-AACCE236282C} = {EE6AE735-3957-4DC1-B876-953660E37861}
		{7FD0405A-9B14-4835-9C8F-D52BCB29C4EA} = {EE6AE735-3957-4DC1-B876-953660E37861}
		{05BA3888-06C3-4340-B6ED-40EED0128D06} = {EE6AE735-3957-4DC1-B876-953660E37861}
		{F39FDB76-90AB-451C-B81D-CC352E1D0C1D} = {05BA3888-06C3-4340-B6ED-40EED0128D06}
	EndGlobalSection
EndGlobal
